
Microsoft Visual Studio Solution File, Format Version 12.00
# Visual Studio 15
VisualStudioVersion = 15.0.26730.12
MinimumVisualStudioVersion = 10.0.40219.1
Project("{FAE04EC0-301F-11D3-BF4B-00C04F79EFBC}") = "Palindrome", "Palindrome\Palindrome.csproj", "{5B79F3AE-0A8B-4781-BB4B-140E84F3A46F}"
EndProject
Global
	GlobalSection(SolutionConfigurationPlatforms) = preSolution
		Debug|Any CPU = Debug|Any CPU
		Release|Any CPU = Release|Any CPU
	EndGlobalSection
	GlobalSection(ProjectConfigurationPlatforms) = postSolution
		{5B79F3AE-0A8B-4781-BB4B-140E84F3A46F}.Debug|Any CPU.ActiveCfg = Debug|Any CPU
		{5B79F3AE-0A8B-4781-BB4B-140E84F3A46F}.Debug|Any CPU.Build.0 = Debug|Any CPU
		{5B79F3AE-0A8B-4781-BB4B-140E84F3A46F}.Release|Any CPU.ActiveCfg = Release|Any CPU
		{5B79F3AE-0A8B-4781-BB4B-140E84F3A46F}.Release|Any CPU.Build.0 = Release|Any CPU
	EndGlobalSection
	GlobalSection(SolutionProperties) = preSolution
		HideSolutionNode = FALSE
	EndGlobalSection
	GlobalSection(ExtensibilityGlobals) = postSolution
		SolutionGuid = {29D1A1FE-9B20-45B1-B3C6-D542A81D3B68}
	EndGlobalSection
EndGlobal
