
Microsoft Visual Studio Solution File, Format Version 12.00
# Visual Studio 15
VisualStudioVersion = 15.0.26730.12
MinimumVisualStudioVersion = 10.0.40219.1
Project("{FAE04EC0-301F-11D3-BF4B-00C04F79EFBC}") = "AnimalGuessGame", "AnimalGuessGame\AnimalGuessGame.csproj", "{05A89C54-3955-4C79-A3C5-DDCF42E79E1F}"
EndProject
Global
	GlobalSection(SolutionConfigurationPlatforms) = preSolution
		Debug|Any CPU = Debug|Any CPU
		Release|Any CPU = Release|Any CPU
	EndGlobalSection
	GlobalSection(ProjectConfigurationPlatforms) = postSolution
		{05A89C54-3955-4C79-A3C5-DDCF42E79E1F}.Debug|Any CPU.ActiveCfg = Debug|Any CPU
		{05A89C54-3955-4C79-A3C5-DDCF42E79E1F}.Debug|Any CPU.Build.0 = Debug|Any CPU
		{05A89C54-3955-4C79-A3C5-DDCF42E79E1F}.Release|Any CPU.ActiveCfg = Release|Any CPU
		{05A89C54-3955-4C79-A3C5-DDCF42E79E1F}.Release|Any CPU.Build.0 = Release|Any CPU
	EndGlobalSection
	GlobalSection(SolutionProperties) = preSolution
		HideSolutionNode = FALSE
	EndGlobalSection
	GlobalSection(ExtensibilityGlobals) = postSolution
		SolutionGuid = {EF34AC93-8000-479D-921C-005CDB90ADB9}
	EndGlobalSection
EndGlobal
