
Microsoft Visual Studio Solution File, Format Version 12.00
# Visual Studio 15
VisualStudioVersion = 15.0.26730.12
MinimumVisualStudioVersion = 10.0.40219.1
Project("{FAE04EC0-301F-11D3-BF4B-00C04F79EFBC}") = "LinkedLists", "LinkedLists\LinkedLists.csproj", "{83B28ED4-45B7-4B75-9399-7A878CB9EEB9}"
EndProject
Global
	GlobalSection(SolutionConfigurationPlatforms) = preSolution
		Debug|Any CPU = Debug|Any CPU
		Release|Any CPU = Release|Any CPU
	EndGlobalSection
	GlobalSection(ProjectConfigurationPlatforms) = postSolution
		{83B28ED4-45B7-4B75-9399-7A878CB9EEB9}.Debug|Any CPU.ActiveCfg = Debug|Any CPU
		{83B28ED4-45B7-4B75-9399-7A878CB9EEB9}.Debug|Any CPU.Build.0 = Debug|Any CPU
		{83B28ED4-45B7-4B75-9399-7A878CB9EEB9}.Release|Any CPU.ActiveCfg = Release|Any CPU
		{83B28ED4-45B7-4B75-9399-7A878CB9EEB9}.Release|Any CPU.Build.0 = Release|Any CPU
	EndGlobalSection
	GlobalSection(SolutionProperties) = preSolution
		HideSolutionNode = FALSE
	EndGlobalSection
	GlobalSection(ExtensibilityGlobals) = postSolution
		SolutionGuid = {34947ADE-48CC-4310-BF41-78B1843E6FEC}
	EndGlobalSection
EndGlobal
