
Microsoft Visual Studio Solution File, Format Version 12.00
# Visual Studio 15
VisualStudioVersion = 15.0.26730.12
MinimumVisualStudioVersion = 10.0.40219.1
Project("{FAE04EC0-301F-11D3-BF4B-00C04F79EFBC}") = "nestedLoops", "nestedLoops\nestedLoops.csproj", "{BAAA8B3C-C93B-45D9-B903-7B35F4D0F16F}"
EndProject
Global
	GlobalSection(SolutionConfigurationPlatforms) = preSolution
		Debug|Any CPU = Debug|Any CPU
		Release|Any CPU = Release|Any CPU
	EndGlobalSection
	GlobalSection(ProjectConfigurationPlatforms) = postSolution
		{BAAA8B3C-C93B-45D9-B903-7B35F4D0F16F}.Debug|Any CPU.ActiveCfg = Debug|Any CPU
		{BAAA8B3C-C93B-45D9-B903-7B35F4D0F16F}.Debug|Any CPU.Build.0 = Debug|Any CPU
		{BAAA8B3C-C93B-45D9-B903-7B35F4D0F16F}.Release|Any CPU.ActiveCfg = Release|Any CPU
		{BAAA8B3C-C93B-45D9-B903-7B35F4D0F16F}.Release|Any CPU.Build.0 = Release|Any CPU
	EndGlobalSection
	GlobalSection(SolutionProperties) = preSolution
		HideSolutionNode = FALSE
	EndGlobalSection
	GlobalSection(ExtensibilityGlobals) = postSolution
		SolutionGuid = {F4F3506F-A8E7-4566-ACE6-DDC2BE21D8B7}
	EndGlobalSection
EndGlobal
