
Microsoft Visual Studio Solution File, Format Version 12.00
# Visual Studio 15
VisualStudioVersion = 15.0.26730.12
MinimumVisualStudioVersion = 10.0.40219.1
Project("{FAE04EC0-301F-11D3-BF4B-00C04F79EFBC}") = "LinkedListFindRandom", "LinkedListFindRandom\LinkedListFindRandom.csproj", "{F1D8D648-1630-41C2-ACEC-D8FE5B161C3A}"
EndProject
Global
	GlobalSection(SolutionConfigurationPlatforms) = preSolution
		Debug|Any CPU = Debug|Any CPU
		Release|Any CPU = Release|Any CPU
	EndGlobalSection
	GlobalSection(ProjectConfigurationPlatforms) = postSolution
		{F1D8D648-1630-41C2-ACEC-D8FE5B161C3A}.Debug|Any CPU.ActiveCfg = Debug|Any CPU
		{F1D8D648-1630-41C2-ACEC-D8FE5B161C3A}.Debug|Any CPU.Build.0 = Debug|Any CPU
		{F1D8D648-1630-41C2-ACEC-D8FE5B161C3A}.Release|Any CPU.ActiveCfg = Release|Any CPU
		{F1D8D648-1630-41C2-ACEC-D8FE5B161C3A}.Release|Any CPU.Build.0 = Release|Any CPU
	EndGlobalSection
	GlobalSection(SolutionProperties) = preSolution
		HideSolutionNode = FALSE
	EndGlobalSection
	GlobalSection(ExtensibilityGlobals) = postSolution
		SolutionGuid = {3C97282C-985E-4B6A-A154-DC8E02E20533}
	EndGlobalSection
EndGlobal
